Microsoft Visual Studio Solution File, Format Version 12.00
# Visual Studio Version 17
VisualStudioVersion = 17.5.2.0
MinimumVisualStudioVersion = 10.0.40219.1
Project("{2150E333-8FDC-42A3-9474-1A3956D46DE8}") = "api", "api", "{D82C56D6-B2CD-F611-9E31-04638F7EC30E}"
EndProject
Project("{FAE04EC0-301F-11D3-BF4B-00C04F79EFBC}") = "NFTGraphAPI", "api\NFTGraphAPI\NFTGraphAPI.csproj", "{CBE91452-7B75-2865-A964-1D6FA49A53A2}"
EndProject
Global
	GlobalSection(SolutionConfigurationPlatforms) = preSolution
		Debug|Any CPU = Debug|Any CPU
		Release|Any CPU = Release|Any CPU
	EndGlobalSection
	GlobalSection(ProjectConfigurationPlatforms) = postSolution
		{CBE91452-7B75-2865-A964-1D6FA49A53A2}.Debug|Any CPU.ActiveCfg = Debug|Any CPU
		{CBE91452-7B75-2865-A964-1D6FA49A53A2}.Debug|Any CPU.Build.0 = Debug|Any CPU
		{CBE91452-7B75-2865-A964-1D6FA49A53A2}.Release|Any CPU.ActiveCfg = Release|Any CPU
		{CBE91452-7B75-2865-A964-1D6FA49A53A2}.Release|Any CPU.Build.0 = Release|Any CPU
	EndGlobalSection
	GlobalSection(SolutionProperties) = preSolution
		HideSolutionNode = FALSE
	EndGlobalSection
	GlobalSection(NestedProjects) = preSolution
		{CBE91452-7B75-2865-A964-1D6FA49A53A2} = {D82C56D6-B2CD-F611-9E31-04638F7EC30E}
	EndGlobalSection
	GlobalSection(ExtensibilityGlobals) = postSolution
		SolutionGuid = {CF7E8FF4-314B-4C02-9D56-71D14D01AD19}
	EndGlobalSection
EndGlobal
